
Microsoft Visual Studio Solution File, Format Version 12.00
# Visual Studio Version 17
VisualStudioVersion = 17.8.34330.188
MinimumVisualStudioVersion = 10.0.40219.1
Project("{9A19103F-16F7-4668-BE54-9A1E7A4F7556}") = "API.ProjectKadrovik", "API.ProjectKadrovik\API.ProjectKadrovik.csproj", "{59E81255-14B9-4461-8F9A-E722195D420E}"
EndProject
Project("{9A19103F-16F7-4668-BE54-9A1E7A4F7556}") = "Infrastructure", "Infrastructure\Infrastructure.csproj", "{3292DC84-0A8F-486F-A0CB-C0B204435F5E}"
EndProject
Project("{9A19103F-16F7-4668-BE54-9A1E7A4F7556}") = "Domain", "Domain\Domain.csproj", "{C0C25539-281D-41CA-9DBC-66BE37F3D93F}"
EndProject
Project("{9A19103F-16F7-4668-BE54-9A1E7A4F7556}") = "Application", "Application\Application.csproj", "{65C44BAC-C4AC-4396-9D96-840350F9BC6C}"
EndProject
Project("{2150E333-8FDC-42A3-9474-1A3956D46DE8}") = "Solution Items", "Solution Items", "{283079F4-DA8B-4465-82A5-7AEDC64E4933}"
	ProjectSection(SolutionItems) = preProject
		.editorconfig = .editorconfig
	EndProjectSection
EndProject
Project("{FAE04EC0-301F-11D3-BF4B-00C04F79EFBC}") = "UseCases", "UseCases\UseCases.csproj", "{3E5680B0-4283-466B-8451-7D1BAD3A7558}"
EndProject
Project("{FAE04EC0-301F-11D3-BF4B-00C04F79EFBC}") = "Frameworks", "Frameworks\Frameworks.csproj", "{5DD17A21-9AF8-45A5-8EB8-24FDB8DF7372}"
EndProject
Global
	GlobalSection(SolutionConfigurationPlatforms) = preSolution
		Debug|Any CPU = Debug|Any CPU
		Release|Any CPU = Release|Any CPU
	EndGlobalSection
	GlobalSection(ProjectConfigurationPlatforms) = postSolution
		{59E81255-14B9-4461-8F9A-E722195D420E}.Debug|Any CPU.ActiveCfg = Debug|Any CPU
		{59E81255-14B9-4461-8F9A-E722195D420E}.Debug|Any CPU.Build.0 = Debug|Any CPU
		{59E81255-14B9-4461-8F9A-E722195D420E}.Release|Any CPU.ActiveCfg = Release|Any CPU
		{59E81255-14B9-4461-8F9A-E722195D420E}.Release|Any CPU.Build.0 = Release|Any CPU
		{3292DC84-0A8F-486F-A0CB-C0B204435F5E}.Debug|Any CPU.ActiveCfg = Debug|Any CPU
		{3292DC84-0A8F-486F-A0CB-C0B204435F5E}.Debug|Any CPU.Build.0 = Debug|Any CPU
		{3292DC84-0A8F-486F-A0CB-C0B204435F5E}.Release|Any CPU.ActiveCfg = Release|Any CPU
		{3292DC84-0A8F-486F-A0CB-C0B204435F5E}.Release|Any CPU.Build.0 = Release|Any CPU
		{C0C25539-281D-41CA-9DBC-66BE37F3D93F}.Debug|Any CPU.ActiveCfg = Debug|Any CPU
		{C0C25539-281D-41CA-9DBC-66BE37F3D93F}.Debug|Any CPU.Build.0 = Debug|Any CPU
		{C0C25539-281D-41CA-9DBC-66BE37F3D93F}.Release|Any CPU.ActiveCfg = Release|Any CPU
		{C0C25539-281D-41CA-9DBC-66BE37F3D93F}.Release|Any CPU.Build.0 = Release|Any CPU
		{65C44BAC-C4AC-4396-9D96-840350F9BC6C}.Debug|Any CPU.ActiveCfg = Debug|Any CPU
		{65C44BAC-C4AC-4396-9D96-840350F9BC6C}.Debug|Any CPU.Build.0 = Debug|Any CPU
		{65C44BAC-C4AC-4396-9D96-840350F9BC6C}.Release|Any CPU.ActiveCfg = Release|Any CPU
		{65C44BAC-C4AC-4396-9D96-840350F9BC6C}.Release|Any CPU.Build.0 = Release|Any CPU
		{3E5680B0-4283-466B-8451-7D1BAD3A7558}.Debug|Any CPU.ActiveCfg = Debug|Any CPU
		{3E5680B0-4283-466B-8451-7D1BAD3A7558}.Debug|Any CPU.Build.0 = Debug|Any CPU
		{3E5680B0-4283-466B-8451-7D1BAD3A7558}.Release|Any CPU.ActiveCfg = Release|Any CPU
		{3E5680B0-4283-466B-8451-7D1BAD3A7558}.Release|Any CPU.Build.0 = Release|Any CPU
		{5DD17A21-9AF8-45A5-8EB8-24FDB8DF7372}.Debug|Any CPU.ActiveCfg = Debug|Any CPU
		{5DD17A21-9AF8-45A5-8EB8-24FDB8DF7372}.Debug|Any CPU.Build.0 = Debug|Any CPU
		{5DD17A21-9AF8-45A5-8EB8-24FDB8DF7372}.Release|Any CPU.ActiveCfg = Release|Any CPU
		{5DD17A21-9AF8-45A5-8EB8-24FDB8DF7372}.Release|Any CPU.Build.0 = Release|Any CPU
	EndGlobalSection
	GlobalSection(SolutionProperties) = preSolution
		HideSolutionNode = FALSE
	EndGlobalSection
	GlobalSection(ExtensibilityGlobals) = postSolution
		SolutionGuid = {BB1F6620-39CD-4DA7-AF1C-FE3C4DE02228}
	EndGlobalSection
EndGlobal
